// !$*UTF8*$!
{
	archiveVersion = 1;
	classes = {
	};
	objectVersion = 56;
	objects = {

/* Begin PBXBuildFile section */
		D800BAB32A5CEA5F001F19A3 /* AppDelegate.swift in Sources */ = {isa = PBXBuildFile; fileRef = D800BAB22A5CEA5F001F19A3 /* AppDelegate.swift */; };
		D800BAB52A5CEA5F001F19A3 /* SceneDelegate.swift in Sources */ = {isa = PBXBuildFile; fileRef = D800BAB42A5CEA5F001F19A3 /* SceneDelegate.swift */; };
		D800BAB72A5CEA5F001F19A3 /* ViewController.swift in Sources */ = {isa = PBXBuildFile; fileRef = D800BAB62A5CEA5F001F19A3 /* ViewController.swift */; };
		D800BABD2A5CEA5F001F19A3 /* CleanArchitecture_ShipGo.xcdatamodeld in Sources */ = {isa = PBXBuildFile; fileRef = D800BABB2A5CEA5F001F19A3 /* CleanArchitecture_ShipGo.xcdatamodeld */; };
		D800BABF2A5CEA61001F19A3 /* Assets.xcassets in Resources */ = {isa = PBXBuildFile; fileRef = D800BABE2A5CEA61001F19A3 /* Assets.xcassets */; };
		D800BAC22A5CEA61001F19A3 /* LaunchScreen.storyboard in Resources */ = {isa = PBXBuildFile; fileRef = D800BAC02A5CEA61001F19A3 /* LaunchScreen.storyboard */; };
		D85D168B2A5E2B3300D799DD /* TempPresentationLayer.swift in Sources */ = {isa = PBXBuildFile; fileRef = D85D168A2A5E2B3200D799DD /* TempPresentationLayer.swift */; };
		D85D16902A5E2B8C00D799DD /* LoginViewController.swift in Sources */ = {isa = PBXBuildFile; fileRef = D85D168F2A5E2B8C00D799DD /* LoginViewController.swift */; };
		D85D16922A5E2B9500D799DD /* LoginViewModel.swift in Sources */ = {isa = PBXBuildFile; fileRef = D85D16912A5E2B9500D799DD /* LoginViewModel.swift */; };
		D85D169A2A5E2CB600D799DD /* Entity.swift in Sources */ = {isa = PBXBuildFile; fileRef = D85D16992A5E2CB600D799DD /* Entity.swift */; };
		D85D169C2A5E2CC800D799DD /* LoginMapper.swift in Sources */ = {isa = PBXBuildFile; fileRef = D85D169B2A5E2CC800D799DD /* LoginMapper.swift */; };
		D85D169E2A5E2CDA00D799DD /* LoginRepositoriable.swift in Sources */ = {isa = PBXBuildFile; fileRef = D85D169D2A5E2CDA00D799DD /* LoginRepositoriable.swift */; };
		D85D16A02A5E2CEF00D799DD /* LoginRequestModel.swift in Sources */ = {isa = PBXBuildFile; fileRef = D85D169F2A5E2CEF00D799DD /* LoginRequestModel.swift */; };
		D85D16A22A5E2CFC00D799DD /* LoginResponseModel.swift in Sources */ = {isa = PBXBuildFile; fileRef = D85D16A12A5E2CFC00D799DD /* LoginResponseModel.swift */; };
		D85D16A62A5E2D2A00D799DD /* LoginUseCaseImpl.swift in Sources */ = {isa = PBXBuildFile; fileRef = D85D16A52A5E2D2A00D799DD /* LoginUseCaseImpl.swift */; };
		D85D16A82A5E2D3D00D799DD /* LoginUseCaseable.swift in Sources */ = {isa = PBXBuildFile; fileRef = D85D16A72A5E2D3D00D799DD /* LoginUseCaseable.swift */; };
		D85D16AF2A5E2E2300D799DD /* RemoteDataSourceImpl.swift in Sources */ = {isa = PBXBuildFile; fileRef = D85D16AE2A5E2E2300D799DD /* RemoteDataSourceImpl.swift */; };
		D85D16B12A5E2E3600D799DD /* RemoteDataSourceable.swift in Sources */ = {isa = PBXBuildFile; fileRef = D85D16B02A5E2E3600D799DD /* RemoteDataSourceable.swift */; };
		D85D16B32A5E2E7900D799DD /* RemoteLoginItem.swift in Sources */ = {isa = PBXBuildFile; fileRef = D85D16B22A5E2E7900D799DD /* RemoteLoginItem.swift */; };
		D85D16B52A5E2E9300D799DD /* RemoteLoginMapper.swift in Sources */ = {isa = PBXBuildFile; fileRef = D85D16B42A5E2E9300D799DD /* RemoteLoginMapper.swift */; };
		D85D16B72A5E2EAE00D799DD /* LoginRepositoryImpl.swift in Sources */ = {isa = PBXBuildFile; fileRef = D85D16B62A5E2EAE00D799DD /* LoginRepositoryImpl.swift */; };
		D85D16B92A5E2EE700D799DD /* TempComponent.swift in Sources */ = {isa = PBXBuildFile; fileRef = D85D16B82A5E2EE700D799DD /* TempComponent.swift */; };
		D85D16BB2A5E2EFA00D799DD /* TempUtils.swift in Sources */ = {isa = PBXBuildFile; fileRef = D85D16BA2A5E2EFA00D799DD /* TempUtils.swift */; };
		D85D16BD2A5E2F0800D799DD /* TempResource.swift in Sources */ = {isa = PBXBuildFile; fileRef = D85D16BC2A5E2F0800D799DD /* TempResource.swift */; };
		D85D16BF2A5E2F1600D799DD /* TempFont.swift in Sources */ = {isa = PBXBuildFile; fileRef = D85D16BE2A5E2F1600D799DD /* TempFont.swift */; };
/* End PBXBuildFile section */

/* Begin PBXFileReference section */
		D800BAAF2A5CEA5F001F19A3 /* CleanArchitecture_ShipGo.app */ = {isa = PBXFileReference; explicitFileType = wrapper.application; includeInIndex = 0; path = CleanArchitecture_ShipGo.app; sourceTree = BUILT_PRODUCTS_DIR; };
		D800BAB22A5CEA5F001F19A3 /* AppDelegate.swift */ = {isa = PBXFileReference; lastKnownFileType = sourcecode.swift; path = AppDelegate.swift; sourceTree = "<group>"; };
		D800BAB42A5CEA5F001F19A3 /* SceneDelegate.swift */ = {isa = PBXFileReference; lastKnownFileType = sourcecode.swift; path = SceneDelegate.swift; sourceTree = "<group>"; };
		D800BAB62A5CEA5F001F19A3 /* ViewController.swift */ = {isa = PBXFileReference; lastKnownFileType = sourcecode.swift; path = ViewController.swift; sourceTree = "<group>"; };
		D800BABC2A5CEA5F001F19A3 /* CleanArchitecture_ShipGo.xcdatamodel */ = {isa = PBXFileReference; lastKnownFileType = wrapper.xcdatamodel; path = CleanArchitecture_ShipGo.xcdatamodel; sourceTree = "<group>"; };
		D800BABE2A5CEA61001F19A3 /* Assets.xcassets */ = {isa = PBXFileReference; lastKnownFileType = folder.assetcatalog; path = Assets.xcassets; sourceTree = "<group>"; };
		D800BAC12A5CEA61001F19A3 /* Base */ = {isa = PBXFileReference; lastKnownFileType = file.storyboard; name = Base; path = Base.lproj/LaunchScreen.storyboard; sourceTree = "<group>"; };
		D800BAC32A5CEA61001F19A3 /* Info.plist */ = {isa = PBXFileReference; lastKnownFileType = text.plist.xml; path = Info.plist; sourceTree = "<group>"; };
		D85D168A2A5E2B3200D799DD /* TempPresentationLayer.swift */ = {isa = PBXFileReference; lastKnownFileType = sourcecode.swift; path = TempPresentationLayer.swift; sourceTree = "<group>"; };
		D85D168F2A5E2B8C00D799DD /* LoginViewController.swift */ = {isa = PBXFileReference; lastKnownFileType = sourcecode.swift; path = LoginViewController.swift; sourceTree = "<group>"; };
		D85D16912A5E2B9500D799DD /* LoginViewModel.swift */ = {isa = PBXFileReference; lastKnownFileType = sourcecode.swift; path = LoginViewModel.swift; sourceTree = "<group>"; };
		D85D16992A5E2CB600D799DD /* Entity.swift */ = {isa = PBXFileReference; lastKnownFileType = sourcecode.swift; path = Entity.swift; sourceTree = "<group>"; };
		D85D169B2A5E2CC800D799DD /* LoginMapper.swift */ = {isa = PBXFileReference; lastKnownFileType = sourcecode.swift; path = LoginMapper.swift; sourceTree = "<group>"; };
		D85D169D2A5E2CDA00D799DD /* LoginRepositoriable.swift */ = {isa = PBXFileReference; lastKnownFileType = sourcecode.swift; path = LoginRepositoriable.swift; sourceTree = "<group>"; };
		D85D169F2A5E2CEF00D799DD /* LoginRequestModel.swift */ = {isa = PBXFileReference; lastKnownFileType = sourcecode.swift; path = LoginRequestModel.swift; sourceTree = "<group>"; };
		D85D16A12A5E2CFC00D799DD /* LoginResponseModel.swift */ = {isa = PBXFileReference; lastKnownFileType = sourcecode.swift; path = LoginResponseModel.swift; sourceTree = "<group>"; };
		D85D16A52A5E2D2A00D799DD /* LoginUseCaseImpl.swift */ = {isa = PBXFileReference; lastKnownFileType = sourcecode.swift; path = LoginUseCaseImpl.swift; sourceTree = "<group>"; };
		D85D16A72A5E2D3D00D799DD /* LoginUseCaseable.swift */ = {isa = PBXFileReference; lastKnownFileType = sourcecode.swift; path = LoginUseCaseable.swift; sourceTree = "<group>"; };
		D85D16AE2A5E2E2300D799DD /* RemoteDataSourceImpl.swift */ = {isa = PBXFileReference; lastKnownFileType = sourcecode.swift; path = RemoteDataSourceImpl.swift; sourceTree = "<group>"; };
		D85D16B02A5E2E3600D799DD /* RemoteDataSourceable.swift */ = {isa = PBXFileReference; lastKnownFileType = sourcecode.swift; path = RemoteDataSourceable.swift; sourceTree = "<group>"; };
		D85D16B22A5E2E7900D799DD /* RemoteLoginItem.swift */ = {isa = PBXFileReference; lastKnownFileType = sourcecode.swift; path = RemoteLoginItem.swift; sourceTree = "<group>"; };
		D85D16B42A5E2E9300D799DD /* RemoteLoginMapper.swift */ = {isa = PBXFileReference; lastKnownFileType = sourcecode.swift; path = RemoteLoginMapper.swift; sourceTree = "<group>"; };
		D85D16B62A5E2EAE00D799DD /* LoginRepositoryImpl.swift */ = {isa = PBXFileReference; lastKnownFileType = sourcecode.swift; path = LoginRepositoryImpl.swift; sourceTree = "<group>"; };
		D85D16B82A5E2EE700D799DD /* TempComponent.swift */ = {isa = PBXFileReference; lastKnownFileType = sourcecode.swift; path = TempComponent.swift; sourceTree = "<group>"; };
		D85D16BA2A5E2EFA00D799DD /* TempUtils.swift */ = {isa = PBXFileReference; lastKnownFileType = sourcecode.swift; path = TempUtils.swift; sourceTree = "<group>"; };
		D85D16BC2A5E2F0800D799DD /* TempResource.swift */ = {isa = PBXFileReference; lastKnownFileType = sourcecode.swift; path = TempResource.swift; sourceTree = "<group>"; };
		D85D16BE2A5E2F1600D799DD /* TempFont.swift */ = {isa = PBXFileReference; lastKnownFileType = sourcecode.swift; path = TempFont.swift; sourceTree = "<group>"; };
/* End PBXFileReference section */

/* Begin PBXFrameworksBuildPhase section */
		D800BAAC2A5CEA5F001F19A3 /* Frameworks */ = {
			isa = PBXFrameworksBuildPhase;
			buildActionMask = 2147483647;
			files = (
			);
			runOnlyForDeploymentPostprocessing = 0;
		};
/* End PBXFrameworksBuildPhase section */

/* Begin PBXGroup section */
		D800BAA62A5CEA5F001F19A3 = {
			isa = PBXGroup;
			children = (
				D800BAB12A5CEA5F001F19A3 /* CleanArchitecture_ShipGo */,
				D800BAB02A5CEA5F001F19A3 /* Products */,
			);
			sourceTree = "<group>";
		};
		D800BAB02A5CEA5F001F19A3 /* Products */ = {
			isa = PBXGroup;
			children = (
				D800BAAF2A5CEA5F001F19A3 /* CleanArchitecture_ShipGo.app */,
			);
			name = Products;
			sourceTree = "<group>";
		};
		D800BAB12A5CEA5F001F19A3 /* CleanArchitecture_ShipGo */ = {
			isa = PBXGroup;
			children = (
				D85D16892A5E2AF300D799DD /* Components */,
				D85D16882A5E2AE100D799DD /* Utils */,
				D85D16872A5E2AD900D799DD /* Resource */,
				D85D16862A5E2ACF00D799DD /* Fonts */,
				D85D16832A5E2A9B00D799DD /* PresentationLayer */,
				D85D16842A5E2AAE00D799DD /* DomainLayer */,
				D85D16852A5E2ABA00D799DD /* DataLayer */,
				D800BAB22A5CEA5F001F19A3 /* AppDelegate.swift */,
				D800BAB42A5CEA5F001F19A3 /* SceneDelegate.swift */,
				D800BAB62A5CEA5F001F19A3 /* ViewController.swift */,
				D800BABE2A5CEA61001F19A3 /* Assets.xcassets */,
				D800BAC02A5CEA61001F19A3 /* LaunchScreen.storyboard */,
				D800BAC32A5CEA61001F19A3 /* Info.plist */,
				D800BABB2A5CEA5F001F19A3 /* CleanArchitecture_ShipGo.xcdatamodeld */,
			);
			path = CleanArchitecture_ShipGo;
			sourceTree = "<group>";
		};
		D85D16832A5E2A9B00D799DD /* PresentationLayer */ = {
			isa = PBXGroup;
			children = (
				D85D168C2A5E2B5B00D799DD /* Login */,
				D85D168A2A5E2B3200D799DD /* TempPresentationLayer.swift */,
			);
			path = PresentationLayer;
			sourceTree = "<group>";
		};
		D85D16842A5E2AAE00D799DD /* DomainLayer */ = {
			isa = PBXGroup;
			children = (
				D85D16982A5E2C9800D799DD /* Entity */,
				D85D16972A5E2C9200D799DD /* Mapper */,
				D85D16962A5E2C8900D799DD /* Repositoriable */,
				D85D16952A5E2C8000D799DD /* RequestModel */,
				D85D16942A5E2C7000D799DD /* ResponseModel */,
				D85D16932A5E2C5D00D799DD /* UseCase */,
			);
			path = DomainLayer;
			sourceTree = "<group>";
		};
		D85D16852A5E2ABA00D799DD /* DataLayer */ = {
			isa = PBXGroup;
			children = (
				D85D16AA2A5E2DE000D799DD /* RepositoryImpl */,
				D85D16A92A5E2DD600D799DD /* Remote */,
			);
			path = DataLayer;
			sourceTree = "<group>";
		};
		D85D16862A5E2ACF00D799DD /* Fonts */ = {
			isa = PBXGroup;
			children = (
				D85D16BE2A5E2F1600D799DD /* TempFont.swift */,
			);
			path = Fonts;
			sourceTree = "<group>";
		};
		D85D16872A5E2AD900D799DD /* Resource */ = {
			isa = PBXGroup;
			children = (
				D85D16BC2A5E2F0800D799DD /* TempResource.swift */,
			);
			path = Resource;
			sourceTree = "<group>";
		};
		D85D16882A5E2AE100D799DD /* Utils */ = {
			isa = PBXGroup;
			children = (
				D85D16BA2A5E2EFA00D799DD /* TempUtils.swift */,
			);
			path = Utils;
			sourceTree = "<group>";
		};
		D85D16892A5E2AF300D799DD /* Components */ = {
			isa = PBXGroup;
			children = (
				D85D16B82A5E2EE700D799DD /* TempComponent.swift */,
			);
			path = Components;
			sourceTree = "<group>";
		};
		D85D168C2A5E2B5B00D799DD /* Login */ = {
			isa = PBXGroup;
			children = (
				D85D168E2A5E2B7E00D799DD /* View */,
				D85D168D2A5E2B6800D799DD /* ViewModel */,
			);
			path = Login;
			sourceTree = "<group>";
		};
		D85D168D2A5E2B6800D799DD /* ViewModel */ = {
			isa = PBXGroup;
			children = (
				D85D16912A5E2B9500D799DD /* LoginViewModel.swift */,
			);
			path = ViewModel;
			sourceTree = "<group>";
		};
		D85D168E2A5E2B7E00D799DD /* View */ = {
			isa = PBXGroup;
			children = (
				D85D168F2A5E2B8C00D799DD /* LoginViewController.swift */,
			);
			path = View;
			sourceTree = "<group>";
		};
		D85D16932A5E2C5D00D799DD /* UseCase */ = {
			isa = PBXGroup;
			children = (
				D85D16A42A5E2D1500D799DD /* UseCaseable */,
				D85D16A32A5E2D0A00D799DD /* UseCaseImpl */,
			);
			path = UseCase;
			sourceTree = "<group>";
		};
		D85D16942A5E2C7000D799DD /* ResponseModel */ = {
			isa = PBXGroup;
			children = (
				D85D16A12A5E2CFC00D799DD /* LoginResponseModel.swift */,
			);
			path = ResponseModel;
			sourceTree = "<group>";
		};
		D85D16952A5E2C8000D799DD /* RequestModel */ = {
			isa = PBXGroup;
			children = (
				D85D169F2A5E2CEF00D799DD /* LoginRequestModel.swift */,
			);
			path = RequestModel;
			sourceTree = "<group>";
		};
		D85D16962A5E2C8900D799DD /* Repositoriable */ = {
			isa = PBXGroup;
			children = (
				D85D169D2A5E2CDA00D799DD /* LoginRepositoriable.swift */,
			);
			path = Repositoriable;
			sourceTree = "<group>";
		};
		D85D16972A5E2C9200D799DD /* Mapper */ = {
			isa = PBXGroup;
			children = (
				D85D169B2A5E2CC800D799DD /* LoginMapper.swift */,
			);
			path = Mapper;
			sourceTree = "<group>";
		};
		D85D16982A5E2C9800D799DD /* Entity */ = {
			isa = PBXGroup;
			children = (
				D85D16992A5E2CB600D799DD /* Entity.swift */,
			);
			path = Entity;
			sourceTree = "<group>";
		};
		D85D16A32A5E2D0A00D799DD /* UseCaseImpl */ = {
			isa = PBXGroup;
			children = (
				D85D16A52A5E2D2A00D799DD /* LoginUseCaseImpl.swift */,
			);
			path = UseCaseImpl;
			sourceTree = "<group>";
		};
		D85D16A42A5E2D1500D799DD /* UseCaseable */ = {
			isa = PBXGroup;
			children = (
				D85D16A72A5E2D3D00D799DD /* LoginUseCaseable.swift */,
			);
			path = UseCaseable;
			sourceTree = "<group>";
		};
		D85D16A92A5E2DD600D799DD /* Remote */ = {
			isa = PBXGroup;
			children = (
				D85D16AC2A5E2DF500D799DD /* Mapper */,
				D85D16AB2A5E2DED00D799DD /* Item */,
				D85D16AE2A5E2E2300D799DD /* RemoteDataSourceImpl.swift */,
				D85D16B02A5E2E3600D799DD /* RemoteDataSourceable.swift */,
			);
			path = Remote;
			sourceTree = "<group>";
		};
		D85D16AA2A5E2DE000D799DD /* RepositoryImpl */ = {
			isa = PBXGroup;
			children = (
				D85D16B62A5E2EAE00D799DD /* LoginRepositoryImpl.swift */,
			);
			path = RepositoryImpl;
			sourceTree = "<group>";
		};
		D85D16AB2A5E2DED00D799DD /* Item */ = {
			isa = PBXGroup;
			children = (
				D85D16B22A5E2E7900D799DD /* RemoteLoginItem.swift */,
			);
			path = Item;
			sourceTree = "<group>";
		};
		D85D16AC2A5E2DF500D799DD /* Mapper */ = {
			isa = PBXGroup;
			children = (
				D85D16B42A5E2E9300D799DD /* RemoteLoginMapper.swift */,
			);
			path = Mapper;
			sourceTree = "<group>";
		};
/* End PBXGroup section */

/* Begin PBXNativeTarget section */
		D800BAAE2A5CEA5F001F19A3 /* CleanArchitecture_ShipGo */ = {
			isa = PBXNativeTarget;
			buildConfigurationList = D800BAC62A5CEA61001F19A3 /* Build configuration list for PBXNativeTarget "CleanArchitecture_ShipGo" */;
			buildPhases = (
				D800BAAB2A5CEA5F001F19A3 /* Sources */,
				D800BAAC2A5CEA5F001F19A3 /* Frameworks */,
				D800BAAD2A5CEA5F001F19A3 /* Resources */,
			);
			buildRules = (
			);
			dependencies = (
			);
			name = CleanArchitecture_ShipGo;
			productName = CleanArchitecture_ShipGo;
			productReference = D800BAAF2A5CEA5F001F19A3 /* CleanArchitecture_ShipGo.app */;
			productType = "com.apple.product-type.application";
		};
/* End PBXNativeTarget section */

/* Begin PBXProject section */
		D800BAA72A5CEA5F001F19A3 /* Project object */ = {
			isa = PBXProject;
			attributes = {
				BuildIndependentTargetsInParallel = 1;
				LastSwiftUpdateCheck = 1430;
				LastUpgradeCheck = 1430;
				TargetAttributes = {
					D800BAAE2A5CEA5F001F19A3 = {
						CreatedOnToolsVersion = 14.3;
					};
				};
			};
			buildConfigurationList = D800BAAA2A5CEA5F001F19A3 /* Build configuration list for PBXProject "CleanArchitecture_ShipGo" */;
			compatibilityVersion = "Xcode 14.0";
			developmentRegion = en;
			hasScannedForEncodings = 0;
			knownRegions = (
				en,
				Base,
			);
			mainGroup = D800BAA62A5CEA5F001F19A3;
			productRefGroup = D800BAB02A5CEA5F001F19A3 /* Products */;
			projectDirPath = "";
			projectRoot = "";
			targets = (
				D800BAAE2A5CEA5F001F19A3 /* CleanArchitecture_ShipGo */,
			);
		};
/* End PBXProject section */

/* Begin PBXResourcesBuildPhase section */
		D800BAAD2A5CEA5F001F19A3 /* Resources */ = {
			isa = PBXResourcesBuildPhase;
			buildActionMask = 2147483647;
			files = (
				D800BAC22A5CEA61001F19A3 /* LaunchScreen.storyboard in Resources */,
				D800BABF2A5CEA61001F19A3 /* Assets.xcassets in Resources */,
			);
			runOnlyForDeploymentPostprocessing = 0;
		};
/* End PBXResourcesBuildPhase section */

/* Begin PBXSourcesBuildPhase section */
		D800BAAB2A5CEA5F001F19A3 /* Sources */ = {
			isa = PBXSourcesBuildPhase;
			buildActionMask = 2147483647;
			files = (
				D85D16B12A5E2E3600D799DD /* RemoteDataSourceable.swift in Sources */,
				D85D16A22A5E2CFC00D799DD /* LoginResponseModel.swift in Sources */,
				D85D16902A5E2B8C00D799DD /* LoginViewController.swift in Sources */,
				D85D168B2A5E2B3300D799DD /* TempPresentationLayer.swift in Sources */,
				D85D16A82A5E2D3D00D799DD /* LoginUseCaseable.swift in Sources */,
				D85D16B72A5E2EAE00D799DD /* LoginRepositoryImpl.swift in Sources */,
				D85D16BF2A5E2F1600D799DD /* TempFont.swift in Sources */,
				D800BABD2A5CEA5F001F19A3 /* CleanArchitecture_ShipGo.xcdatamodeld in Sources */,
				D85D16AF2A5E2E2300D799DD /* RemoteDataSourceImpl.swift in Sources */,
				D85D16B32A5E2E7900D799DD /* RemoteLoginItem.swift in Sources */,
				D85D16A62A5E2D2A00D799DD /* LoginUseCaseImpl.swift in Sources */,
				D85D169C2A5E2CC800D799DD /* LoginMapper.swift in Sources */,
				D85D16BB2A5E2EFA00D799DD /* TempUtils.swift in Sources */,
				D800BAB72A5CEA5F001F19A3 /* ViewController.swift in Sources */,
				D85D169E2A5E2CDA00D799DD /* LoginRepositoriable.swift in Sources */,
				D85D169A2A5E2CB600D799DD /* Entity.swift in Sources */,
				D85D16A02A5E2CEF00D799DD /* LoginRequestModel.swift in Sources */,
				D85D16B92A5E2EE700D799DD /* TempComponent.swift in Sources */,
				D85D16BD2A5E2F0800D799DD /* TempResource.swift in Sources */,
				D85D16B52A5E2E9300D799DD /* RemoteLoginMapper.swift in Sources */,
				D800BAB32A5CEA5F001F19A3 /* AppDelegate.swift in Sources */,
				D800BAB52A5CEA5F001F19A3 /* SceneDelegate.swift in Sources */,
				D85D16922A5E2B9500D799DD /* LoginViewModel.swift in Sources */,
			);
			runOnlyForDeploymentPostprocessing = 0;
		};
/* End PBXSourcesBuildPhase section */

/* Begin PBXVariantGroup section */
		D800BAC02A5CEA61001F19A3 /* LaunchScreen.storyboard */ = {
			isa = PBXVariantGroup;
			children = (
				D800BAC12A5CEA61001F19A3 /* Base */,
			);
			name = LaunchScreen.storyboard;
			sourceTree = "<group>";
		};
/* End PBXVariantGroup section */

/* Begin XCBuildConfiguration section */
		D800BAC42A5CEA61001F19A3 /* Debug */ = {
			isa = XCBuildConfiguration;
			buildSettings = {
				ALWAYS_SEARCH_USER_PATHS = NO;
				CLANG_ANALYZER_NONNULL = YES;
				CLANG_ANALYZER_NUMBER_OBJECT_CONVERSION = YES_AGGRESSIVE;
				CLANG_CXX_LANGUAGE_STANDARD = "gnu++20";
				CLANG_ENABLE_MODULES = YES;
				CLANG_ENABLE_OBJC_ARC = YES;
				CLANG_ENABLE_OBJC_WEAK = YES;
				CLANG_WARN_BLOCK_CAPTURE_AUTORELEASING = YES;
				CLANG_WARN_BOOL_CONVERSION = YES;
				CLANG_WARN_COMMA = YES;
				CLANG_WARN_CONSTANT_CONVERSION = YES;
				CLANG_WARN_DEPRECATED_OBJC_IMPLEMENTATIONS = YES;
				CLANG_WARN_DIRECT_OBJC_ISA_USAGE = YES_ERROR;
				CLANG_WARN_DOCUMENTATION_COMMENTS = YES;
				CLANG_WARN_EMPTY_BODY = YES;
				CLANG_WARN_ENUM_CONVERSION = YES;
				CLANG_WARN_INFINITE_RECURSION = YES;
				CLANG_WARN_INT_CONVERSION = YES;
				CLANG_WARN_NON_LITERAL_NULL_CONVERSION = YES;
				CLANG_WARN_OBJC_IMPLICIT_RETAIN_SELF = YES;
				CLANG_WARN_OBJC_LITERAL_CONVERSION = YES;
				CLANG_WARN_OBJC_ROOT_CLASS = YES_ERROR;
				CLANG_WARN_QUOTED_INCLUDE_IN_FRAMEWORK_HEADER = YES;
				CLANG_WARN_RANGE_LOOP_ANALYSIS = YES;
				CLANG_WARN_STRICT_PROTOTYPES = YES;
				CLANG_WARN_SUSPICIOUS_MOVE = YES;
				CLANG_WARN_UNGUARDED_AVAILABILITY = YES_AGGRESSIVE;
				CLANG_WARN_UNREACHABLE_CODE = YES;
				CLANG_WARN__DUPLICATE_METHOD_MATCH = YES;
				COPY_PHASE_STRIP = NO;
				DEBUG_INFORMATION_FORMAT = dwarf;
				ENABLE_STRICT_OBJC_MSGSEND = YES;
				ENABLE_TESTABILITY = YES;
				GCC_C_LANGUAGE_STANDARD = gnu11;
				GCC_DYNAMIC_NO_PIC = NO;
				GCC_NO_COMMON_BLOCKS = YES;
				GCC_OPTIMIZATION_LEVEL = 0;
				GCC_PREPROCESSOR_DEFINITIONS = (
					"DEBUG=1",
					"$(inherited)",
				);
				GCC_WARN_64_TO_32_BIT_CONVERSION = YES;
				GCC_WARN_ABOUT_RETURN_TYPE = YES_ERROR;
				GCC_WARN_UNDECLARED_SELECTOR = YES;
				GCC_WARN_UNINITIALIZED_AUTOS = YES_AGGRESSIVE;
				GCC_WARN_UNUSED_FUNCTION = YES;
				GCC_WARN_UNUSED_VARIABLE = YES;
				IPHONEOS_DEPLOYMENT_TARGET = 16.4;
				MTL_ENABLE_DEBUG_INFO = INCLUDE_SOURCE;
				MTL_FAST_MATH = YES;
				ONLY_ACTIVE_ARCH = YES;
				SDKROOT = iphoneos;
				SWIFT_ACTIVE_COMPILATION_CONDITIONS = DEBUG;
				SWIFT_OPTIMIZATION_LEVEL = "-Onone";
			};
			name = Debug;
		};
		D800BAC52A5CEA61001F19A3 /* Release */ = {
			isa = XCBuildConfiguration;
			buildSettings = {
				ALWAYS_SEARCH_USER_PATHS = NO;
				CLANG_ANALYZER_NONNULL = YES;
				CLANG_ANALYZER_NUMBER_OBJECT_CONVERSION = YES_AGGRESSIVE;
				CLANG_CXX_LANGUAGE_STANDARD = "gnu++20";
				CLANG_ENABLE_MODULES = YES;
				CLANG_ENABLE_OBJC_ARC = YES;
				CLANG_ENABLE_OBJC_WEAK = YES;
				CLANG_WARN_BLOCK_CAPTURE_AUTORELEASING = YES;
				CLANG_WARN_BOOL_CONVERSION = YES;
				CLANG_WARN_COMMA = YES;
				CLANG_WARN_CONSTANT_CONVERSION = YES;
				CLANG_WARN_DEPRECATED_OBJC_IMPLEMENTATIONS = YES;
				CLANG_WARN_DIRECT_OBJC_ISA_USAGE = YES_ERROR;
				CLANG_WARN_DOCUMENTATION_COMMENTS = YES;
				CLANG_WARN_EMPTY_BODY = YES;
				CLANG_WARN_ENUM_CONVERSION = YES;
				CLANG_WARN_INFINITE_RECURSION = YES;
				CLANG_WARN_INT_CONVERSION = YES;
				CLANG_WARN_NON_LITERAL_NULL_CONVERSION = YES;
				CLANG_WARN_OBJC_IMPLICIT_RETAIN_SELF = YES;
				CLANG_WARN_OBJC_LITERAL_CONVERSION = YES;
				CLANG_WARN_OBJC_ROOT_CLASS = YES_ERROR;
				CLANG_WARN_QUOTED_INCLUDE_IN_FRAMEWORK_HEADER = YES;
				CLANG_WARN_RANGE_LOOP_ANALYSIS = YES;
				CLANG_WARN_STRICT_PROTOTYPES = YES;
				CLANG_WARN_SUSPICIOUS_MOVE = YES;
				CLANG_WARN_UNGUARDED_AVAILABILITY = YES_AGGRESSIVE;
				CLANG_WARN_UNREACHABLE_CODE = YES;
				CLANG_WARN__DUPLICATE_METHOD_MATCH = YES;
				COPY_PHASE_STRIP = NO;
				DEBUG_INFORMATION_FORMAT = "dwarf-with-dsym";
				ENABLE_NS_ASSERTIONS = NO;
				ENABLE_STRICT_OBJC_MSGSEND = YES;
				GCC_C_LANGUAGE_STANDARD = gnu11;
				GCC_NO_COMMON_BLOCKS = YES;
				GCC_WARN_64_TO_32_BIT_CONVERSION = YES;
				GCC_WARN_ABOUT_RETURN_TYPE = YES_ERROR;
				GCC_WARN_UNDECLARED_SELECTOR = YES;
				GCC_WARN_UNINITIALIZED_AUTOS = YES_AGGRESSIVE;
				GCC_WARN_UNUSED_FUNCTION = YES;
				GCC_WARN_UNUSED_VARIABLE = YES;
				IPHONEOS_DEPLOYMENT_TARGET = 16.4;
				MTL_ENABLE_DEBUG_INFO = NO;
				MTL_FAST_MATH = YES;
				SDKROOT = iphoneos;
				SWIFT_COMPILATION_MODE = wholemodule;
				SWIFT_OPTIMIZATION_LEVEL = "-O";
				VALIDATE_PRODUCT = YES;
			};
			name = Release;
		};
		D800BAC72A5CEA61001F19A3 /* Debug */ = {
			isa = XCBuildConfiguration;
			buildSettings = {
				ASSETCATALOG_COMPILER_APPICON_NAME = AppIcon;
				ASSETCATALOG_COMPILER_GLOBAL_ACCENT_COLOR_NAME = AccentColor;
				CODE_SIGN_STYLE = Automatic;
				CURRENT_PROJECT_VERSION = 1;
				DEVELOPMENT_TEAM = Z62NB3F274;
				GENERATE_INFOPLIST_FILE = YES;
				INFOPLIST_FILE = CleanArchitecture_ShipGo/Info.plist;
				INFOPLIST_KEY_UIApplicationSupportsIndirectInputEvents = YES;
				INFOPLIST_KEY_UILaunchStoryboardName = LaunchScreen;
				INFOPLIST_KEY_UISupportedInterfaceOrientations_iPad = "UIInterfaceOrientationPortrait UIInterfaceOrientationPortraitUpsideDown UIInterfaceOrientationLandscapeLeft UIInterfaceOrientationLandscapeRight";
				INFOPLIST_KEY_UISupportedInterfaceOrientations_iPhone = "UIInterfaceOrientationPortrait UIInterfaceOrientationLandscapeLeft UIInterfaceOrientationLandscapeRight";
				LD_RUNPATH_SEARCH_PATHS = (
					"$(inherited)",
					"@executable_path/Frameworks",
				);
				MARKETING_VERSION = 1.0;
				PRODUCT_BUNDLE_IDENTIFIER = "com.jun12.CleanArchitecture-ShipGo";
				PRODUCT_NAME = "$(TARGET_NAME)";
				SWIFT_EMIT_LOC_STRINGS = YES;
				SWIFT_VERSION = 5.0;
				TARGETED_DEVICE_FAMILY = "1,2";
			};
			name = Debug;
		};
		D800BAC82A5CEA61001F19A3 /* Release */ = {
			isa = XCBuildConfiguration;
			buildSettings = {
				ASSETCATALOG_COMPILER_APPICON_NAME = AppIcon;
				ASSETCATALOG_COMPILER_GLOBAL_ACCENT_COLOR_NAME = AccentColor;
				CODE_SIGN_STYLE = Automatic;
				CURRENT_PROJECT_VERSION = 1;
				DEVELOPMENT_TEAM = Z62NB3F274;
				GENERATE_INFOPLIST_FILE = YES;
				INFOPLIST_FILE = CleanArchitecture_ShipGo/Info.plist;
				INFOPLIST_KEY_UIApplicationSupportsIndirectInputEvents = YES;
				INFOPLIST_KEY_UILaunchStoryboardName = LaunchScreen;
				INFOPLIST_KEY_UISupportedInterfaceOrientations_iPad = "UIInterfaceOrientationPortrait UIInterfaceOrientationPortraitUpsideDown UIInterfaceOrientationLandscapeLeft UIInterfaceOrientationLandscapeRight";
				INFOPLIST_KEY_UISupportedInterfaceOrientations_iPhone = "UIInterfaceOrientationPortrait UIInterfaceOrientationLandscapeLeft UIInterfaceOrientationLandscapeRight";
				LD_RUNPATH_SEARCH_PATHS = (
					"$(inherited)",
					"@executable_path/Frameworks",
				);
				MARKETING_VERSION = 1.0;
				PRODUCT_BUNDLE_IDENTIFIER = "com.jun12.CleanArchitecture-ShipGo";
				PRODUCT_NAME = "$(TARGET_NAME)";
				SWIFT_EMIT_LOC_STRINGS = YES;
				SWIFT_VERSION = 5.0;
				TARGETED_DEVICE_FAMILY = "1,2";
			};
			name = Release;
		};
/* End XCBuildConfiguration section */

/* Begin XCConfigurationList section */
		D800BAAA2A5CEA5F001F19A3 /* Build configuration list for PBXProject "CleanArchitecture_ShipGo" */ = {
			isa = XCConfigurationList;
			buildConfigurations = (
				D800BAC42A5CEA61001F19A3 /* Debug */,
				D800BAC52A5CEA61001F19A3 /* Release */,
			);
			defaultConfigurationIsVisible = 0;
			defaultConfigurationName = Release;
		};
		D800BAC62A5CEA61001F19A3 /* Build configuration list for PBXNativeTarget "CleanArchitecture_ShipGo" */ = {
			isa = XCConfigurationList;
			buildConfigurations = (
				D800BAC72A5CEA61001F19A3 /* Debug */,
				D800BAC82A5CEA61001F19A3 /* Release */,
			);
			defaultConfigurationIsVisible = 0;
			defaultConfigurationName = Release;
		};
/* End XCConfigurationList section */

/* Begin XCVersionGroup section */
		D800BABB2A5CEA5F001F19A3 /* CleanArchitecture_ShipGo.xcdatamodeld */ = {
			isa = XCVersionGroup;
			children = (
				D800BABC2A5CEA5F001F19A3 /* CleanArchitecture_ShipGo.xcdatamodel */,
			);
			currentVersion = D800BABC2A5CEA5F001F19A3 /* CleanArchitecture_ShipGo.xcdatamodel */;
			path = CleanArchitecture_ShipGo.xcdatamodeld;
			sourceTree = "<group>";
			versionGroupType = wrapper.xcdatamodel;
		};
/* End XCVersionGroup section */
	};
	rootObject = D800BAA72A5CEA5F001F19A3 /* Project object */;
}
