// !$*UTF8*$!
{
	archiveVersion = 1;
	classes = {
	};
	objectVersion = 56;
	objects = {

/* Begin PBXBuildFile section */
		ADF7A8E72A764ADA0028D260 /* UIFont+Extension.swift in Sources */ = {isa = PBXBuildFile; fileRef = ADF7A8E62A764ADA0028D260 /* UIFont+Extension.swift */; };
		ADF7A8EA2A7650410028D260 /* SignUpViewController.swift in Sources */ = {isa = PBXBuildFile; fileRef = ADF7A8E92A7650410028D260 /* SignUpViewController.swift */; };
		ADF7A8EC2A7652E60028D260 /* ColorManager.swift in Sources */ = {isa = PBXBuildFile; fileRef = ADF7A8EB2A7652E60028D260 /* ColorManager.swift */; };
		ADF7A8EE2A76544D0028D260 /* SelectButton.swift in Sources */ = {isa = PBXBuildFile; fileRef = ADF7A8ED2A76544D0028D260 /* SelectButton.swift */; };
		D800BAB32A5CEA5F001F19A3 /* AppDelegate.swift in Sources */ = {isa = PBXBuildFile; fileRef = D800BAB22A5CEA5F001F19A3 /* AppDelegate.swift */; };
		D800BAB52A5CEA5F001F19A3 /* SceneDelegate.swift in Sources */ = {isa = PBXBuildFile; fileRef = D800BAB42A5CEA5F001F19A3 /* SceneDelegate.swift */; };
		D800BABD2A5CEA5F001F19A3 /* CleanArchitecture_ShipGo.xcdatamodeld in Sources */ = {isa = PBXBuildFile; fileRef = D800BABB2A5CEA5F001F19A3 /* CleanArchitecture_ShipGo.xcdatamodeld */; };
		D800BABF2A5CEA61001F19A3 /* Assets.xcassets in Resources */ = {isa = PBXBuildFile; fileRef = D800BABE2A5CEA61001F19A3 /* Assets.xcassets */; };
		D800BAC22A5CEA61001F19A3 /* LaunchScreen.storyboard in Resources */ = {isa = PBXBuildFile; fileRef = D800BAC02A5CEA61001F19A3 /* LaunchScreen.storyboard */; };
		D81082B32A67650A00FBCD9C /* UIStackView+Extension.swift in Sources */ = {isa = PBXBuildFile; fileRef = D81082B22A67650A00FBCD9C /* UIStackView+Extension.swift */; };
		D81082B52A67676500FBCD9C /* UIView+Extension.swift in Sources */ = {isa = PBXBuildFile; fileRef = D81082B42A67676500FBCD9C /* UIView+Extension.swift */; };
		D85D16902A5E2B8C00D799DD /* LoginViewController.swift in Sources */ = {isa = PBXBuildFile; fileRef = D85D168F2A5E2B8C00D799DD /* LoginViewController.swift */; };
		D85D16922A5E2B9500D799DD /* LoginViewModel.swift in Sources */ = {isa = PBXBuildFile; fileRef = D85D16912A5E2B9500D799DD /* LoginViewModel.swift */; };
		D85D169A2A5E2CB600D799DD /* Entity.swift in Sources */ = {isa = PBXBuildFile; fileRef = D85D16992A5E2CB600D799DD /* Entity.swift */; };
		D85D169C2A5E2CC800D799DD /* LoginMapper.swift in Sources */ = {isa = PBXBuildFile; fileRef = D85D169B2A5E2CC800D799DD /* LoginMapper.swift */; };
		D85D169E2A5E2CDA00D799DD /* LoginRepositoriable.swift in Sources */ = {isa = PBXBuildFile; fileRef = D85D169D2A5E2CDA00D799DD /* LoginRepositoriable.swift */; };
		D85D16A02A5E2CEF00D799DD /* LoginRequestModel.swift in Sources */ = {isa = PBXBuildFile; fileRef = D85D169F2A5E2CEF00D799DD /* LoginRequestModel.swift */; };
		D85D16A22A5E2CFC00D799DD /* LoginResponseModel.swift in Sources */ = {isa = PBXBuildFile; fileRef = D85D16A12A5E2CFC00D799DD /* LoginResponseModel.swift */; };
		D85D16A62A5E2D2A00D799DD /* LoginUseCaseImpl.swift in Sources */ = {isa = PBXBuildFile; fileRef = D85D16A52A5E2D2A00D799DD /* LoginUseCaseImpl.swift */; };
		D85D16A82A5E2D3D00D799DD /* LoginUseCaseable.swift in Sources */ = {isa = PBXBuildFile; fileRef = D85D16A72A5E2D3D00D799DD /* LoginUseCaseable.swift */; };
		D85D16AF2A5E2E2300D799DD /* RemoteDataSourceImpl.swift in Sources */ = {isa = PBXBuildFile; fileRef = D85D16AE2A5E2E2300D799DD /* RemoteDataSourceImpl.swift */; };
		D85D16B12A5E2E3600D799DD /* RemoteDataSourceable.swift in Sources */ = {isa = PBXBuildFile; fileRef = D85D16B02A5E2E3600D799DD /* RemoteDataSourceable.swift */; };
		D85D16B32A5E2E7900D799DD /* RemoteLoginItem.swift in Sources */ = {isa = PBXBuildFile; fileRef = D85D16B22A5E2E7900D799DD /* RemoteLoginItem.swift */; };
		D85D16B52A5E2E9300D799DD /* RemoteLoginMapper.swift in Sources */ = {isa = PBXBuildFile; fileRef = D85D16B42A5E2E9300D799DD /* RemoteLoginMapper.swift */; };
		D85D16B72A5E2EAE00D799DD /* LoginRepositoryImpl.swift in Sources */ = {isa = PBXBuildFile; fileRef = D85D16B62A5E2EAE00D799DD /* LoginRepositoryImpl.swift */; };
		D85D16B92A5E2EE700D799DD /* TempComponent.swift in Sources */ = {isa = PBXBuildFile; fileRef = D85D16B82A5E2EE700D799DD /* TempComponent.swift */; };
		D85D16C22A5E302400D799DD /* SnapKit-Dynamic in Frameworks */ = {isa = PBXBuildFile; productRef = D85D16C12A5E302400D799DD /* SnapKit-Dynamic */; };
		D85D16C52A5E304A00D799DD /* Then in Frameworks */ = {isa = PBXBuildFile; productRef = D85D16C42A5E304A00D799DD /* Then */; };
		D85D16C82A5E306000D799DD /* Alamofire in Frameworks */ = {isa = PBXBuildFile; productRef = D85D16C72A5E306000D799DD /* Alamofire */; };
		D85D16CB2A5E307F00D799DD /* Swinject-Dynamic in Frameworks */ = {isa = PBXBuildFile; productRef = D85D16CA2A5E307F00D799DD /* Swinject-Dynamic */; };
		D8B661052A60D3A80049B8D9 /* Pretendard-SemiBold.otf in Resources */ = {isa = PBXBuildFile; fileRef = D8B660FC2A60D3A80049B8D9 /* Pretendard-SemiBold.otf */; };
		D8B661062A60D3A80049B8D9 /* Pretendard-ExtraLight.otf in Resources */ = {isa = PBXBuildFile; fileRef = D8B660FD2A60D3A80049B8D9 /* Pretendard-ExtraLight.otf */; };
		D8B661072A60D3A80049B8D9 /* Pretendard-Black.otf in Resources */ = {isa = PBXBuildFile; fileRef = D8B660FE2A60D3A80049B8D9 /* Pretendard-Black.otf */; };
		D8B661082A60D3A80049B8D9 /* Pretendard-Regular.otf in Resources */ = {isa = PBXBuildFile; fileRef = D8B660FF2A60D3A80049B8D9 /* Pretendard-Regular.otf */; };
		D8B661092A60D3A80049B8D9 /* Pretendard-Bold.otf in Resources */ = {isa = PBXBuildFile; fileRef = D8B661002A60D3A80049B8D9 /* Pretendard-Bold.otf */; };
		D8B6610A2A60D3A80049B8D9 /* Pretendard-Light.otf in Resources */ = {isa = PBXBuildFile; fileRef = D8B661012A60D3A80049B8D9 /* Pretendard-Light.otf */; };
		D8B6610B2A60D3A80049B8D9 /* Pretendard-ExtraBold.otf in Resources */ = {isa = PBXBuildFile; fileRef = D8B661022A60D3A80049B8D9 /* Pretendard-ExtraBold.otf */; };
		D8B6610C2A60D3A80049B8D9 /* Pretendard-Thin.otf in Resources */ = {isa = PBXBuildFile; fileRef = D8B661032A60D3A80049B8D9 /* Pretendard-Thin.otf */; };
		D8B6610D2A60D3A80049B8D9 /* Pretendard-Medium.otf in Resources */ = {isa = PBXBuildFile; fileRef = D8B661042A60D3A80049B8D9 /* Pretendard-Medium.otf */; };
		D8B6610F2A60D7130049B8D9 /* AppContainer.swift in Sources */ = {isa = PBXBuildFile; fileRef = D8B6610E2A60D7130049B8D9 /* AppContainer.swift */; };
		D8B661122A60D91B0049B8D9 /* Coordinator.swift in Sources */ = {isa = PBXBuildFile; fileRef = D8B661112A60D91B0049B8D9 /* Coordinator.swift */; };
		D8B661142A60F72E0049B8D9 /* AppCoordinator.swift in Sources */ = {isa = PBXBuildFile; fileRef = D8B661132A60F72E0049B8D9 /* AppCoordinator.swift */; };
		D8B661182A611E220049B8D9 /* BuyCoordinator.swift in Sources */ = {isa = PBXBuildFile; fileRef = D8B661172A611E220049B8D9 /* BuyCoordinator.swift */; };
		D8B6611D2A612B0B0049B8D9 /* BuyViewController.swift in Sources */ = {isa = PBXBuildFile; fileRef = D8B6611C2A612B0B0049B8D9 /* BuyViewController.swift */; };
		D8B6611F2A612B3D0049B8D9 /* CreateAccountViewController.swift in Sources */ = {isa = PBXBuildFile; fileRef = D8B6611E2A612B3D0049B8D9 /* CreateAccountViewController.swift */; };
		D8B661212A612B7B0049B8D9 /* ViewController.swift in Sources */ = {isa = PBXBuildFile; fileRef = D8B661202A612B7B0049B8D9 /* ViewController.swift */; };
		D8B661252A614AA10049B8D9 /* OnBoardingViewController.swift in Sources */ = {isa = PBXBuildFile; fileRef = D8B661242A614AA10049B8D9 /* OnBoardingViewController.swift */; };
		D8B661272A614AC70049B8D9 /* ViewControllerTemplate.swift in Sources */ = {isa = PBXBuildFile; fileRef = D8B661262A614AC70049B8D9 /* ViewControllerTemplate.swift */; };
		D8D483212A5F7FE300B474E4 /* ScreenUtil.swift in Sources */ = {isa = PBXBuildFile; fileRef = D8D483202A5F7FE300B474E4 /* ScreenUtil.swift */; };
		D8D483232A5F807300B474E4 /* Errors.swift in Sources */ = {isa = PBXBuildFile; fileRef = D8D483222A5F807300B474E4 /* Errors.swift */; };
		D8D483252A5F80B600B474E4 /* NetworkWrapper.swift in Sources */ = {isa = PBXBuildFile; fileRef = D8D483242A5F80B600B474E4 /* NetworkWrapper.swift */; };
/* End PBXBuildFile section */

/* Begin PBXFileReference section */
		ADF7A8E62A764ADA0028D260 /* UIFont+Extension.swift */ = {isa = PBXFileReference; lastKnownFileType = sourcecode.swift; path = "UIFont+Extension.swift"; sourceTree = "<group>"; };
		ADF7A8E92A7650410028D260 /* SignUpViewController.swift */ = {isa = PBXFileReference; lastKnownFileType = sourcecode.swift; path = SignUpViewController.swift; sourceTree = "<group>"; };
		ADF7A8EB2A7652E60028D260 /* ColorManager.swift */ = {isa = PBXFileReference; lastKnownFileType = sourcecode.swift; path = ColorManager.swift; sourceTree = "<group>"; };
		ADF7A8ED2A76544D0028D260 /* SelectButton.swift */ = {isa = PBXFileReference; lastKnownFileType = sourcecode.swift; path = SelectButton.swift; sourceTree = "<group>"; };
		D800BAAF2A5CEA5F001F19A3 /* CleanArchitecture_ShipGo.app */ = {isa = PBXFileReference; explicitFileType = wrapper.application; includeInIndex = 0; path = CleanArchitecture_ShipGo.app; sourceTree = BUILT_PRODUCTS_DIR; };
		D800BAB22A5CEA5F001F19A3 /* AppDelegate.swift */ = {isa = PBXFileReference; lastKnownFileType = sourcecode.swift; path = AppDelegate.swift; sourceTree = "<group>"; };
		D800BAB42A5CEA5F001F19A3 /* SceneDelegate.swift */ = {isa = PBXFileReference; lastKnownFileType = sourcecode.swift; path = SceneDelegate.swift; sourceTree = "<group>"; };
		D800BABC2A5CEA5F001F19A3 /* CleanArchitecture_ShipGo.xcdatamodel */ = {isa = PBXFileReference; lastKnownFileType = wrapper.xcdatamodel; path = CleanArchitecture_ShipGo.xcdatamodel; sourceTree = "<group>"; };
		D800BABE2A5CEA61001F19A3 /* Assets.xcassets */ = {isa = PBXFileReference; lastKnownFileType = folder.assetcatalog; path = Assets.xcassets; sourceTree = "<group>"; };
		D800BAC12A5CEA61001F19A3 /* Base */ = {isa = PBXFileReference; lastKnownFileType = file.storyboard; name = Base; path = Base.lproj/LaunchScreen.storyboard; sourceTree = "<group>"; };
		D800BAC32A5CEA61001F19A3 /* Info.plist */ = {isa = PBXFileReference; lastKnownFileType = text.plist.xml; path = Info.plist; sourceTree = "<group>"; };
		D81082B22A67650A00FBCD9C /* UIStackView+Extension.swift */ = {isa = PBXFileReference; lastKnownFileType = sourcecode.swift; path = "UIStackView+Extension.swift"; sourceTree = "<group>"; };
		D81082B42A67676500FBCD9C /* UIView+Extension.swift */ = {isa = PBXFileReference; lastKnownFileType = sourcecode.swift; path = "UIView+Extension.swift"; sourceTree = "<group>"; };
		D85D168F2A5E2B8C00D799DD /* LoginViewController.swift */ = {isa = PBXFileReference; lastKnownFileType = sourcecode.swift; path = LoginViewController.swift; sourceTree = "<group>"; };
		D85D16912A5E2B9500D799DD /* LoginViewModel.swift */ = {isa = PBXFileReference; lastKnownFileType = sourcecode.swift; path = LoginViewModel.swift; sourceTree = "<group>"; };
		D85D16992A5E2CB600D799DD /* Entity.swift */ = {isa = PBXFileReference; lastKnownFileType = sourcecode.swift; path = Entity.swift; sourceTree = "<group>"; };
		D85D169B2A5E2CC800D799DD /* LoginMapper.swift */ = {isa = PBXFileReference; lastKnownFileType = sourcecode.swift; path = LoginMapper.swift; sourceTree = "<group>"; };
		D85D169D2A5E2CDA00D799DD /* LoginRepositoriable.swift */ = {isa = PBXFileReference; lastKnownFileType = sourcecode.swift; path = LoginRepositoriable.swift; sourceTree = "<group>"; };
		D85D169F2A5E2CEF00D799DD /* LoginRequestModel.swift */ = {isa = PBXFileReference; lastKnownFileType = sourcecode.swift; path = LoginRequestModel.swift; sourceTree = "<group>"; };
		D85D16A12A5E2CFC00D799DD /* LoginResponseModel.swift */ = {isa = PBXFileReference; lastKnownFileType = sourcecode.swift; path = LoginResponseModel.swift; sourceTree = "<group>"; };
		D85D16A52A5E2D2A00D799DD /* LoginUseCaseImpl.swift */ = {isa = PBXFileReference; lastKnownFileType = sourcecode.swift; path = LoginUseCaseImpl.swift; sourceTree = "<group>"; };
		D85D16A72A5E2D3D00D799DD /* LoginUseCaseable.swift */ = {isa = PBXFileReference; lastKnownFileType = sourcecode.swift; path = LoginUseCaseable.swift; sourceTree = "<group>"; };
		D85D16AE2A5E2E2300D799DD /* RemoteDataSourceImpl.swift */ = {isa = PBXFileReference; lastKnownFileType = sourcecode.swift; path = RemoteDataSourceImpl.swift; sourceTree = "<group>"; };
		D85D16B02A5E2E3600D799DD /* RemoteDataSourceable.swift */ = {isa = PBXFileReference; lastKnownFileType = sourcecode.swift; path = RemoteDataSourceable.swift; sourceTree = "<group>"; };
		D85D16B22A5E2E7900D799DD /* RemoteLoginItem.swift */ = {isa = PBXFileReference; lastKnownFileType = sourcecode.swift; path = RemoteLoginItem.swift; sourceTree = "<group>"; };
		D85D16B42A5E2E9300D799DD /* RemoteLoginMapper.swift */ = {isa = PBXFileReference; lastKnownFileType = sourcecode.swift; path = RemoteLoginMapper.swift; sourceTree = "<group>"; };
		D85D16B62A5E2EAE00D799DD /* LoginRepositoryImpl.swift */ = {isa = PBXFileReference; lastKnownFileType = sourcecode.swift; path = LoginRepositoryImpl.swift; sourceTree = "<group>"; };
		D85D16B82A5E2EE700D799DD /* TempComponent.swift */ = {isa = PBXFileReference; lastKnownFileType = sourcecode.swift; path = TempComponent.swift; sourceTree = "<group>"; };
		D8B660FC2A60D3A80049B8D9 /* Pretendard-SemiBold.otf */ = {isa = PBXFileReference; lastKnownFileType = file; path = "Pretendard-SemiBold.otf"; sourceTree = "<group>"; };
		D8B660FD2A60D3A80049B8D9 /* Pretendard-ExtraLight.otf */ = {isa = PBXFileReference; lastKnownFileType = file; path = "Pretendard-ExtraLight.otf"; sourceTree = "<group>"; };
		D8B660FE2A60D3A80049B8D9 /* Pretendard-Black.otf */ = {isa = PBXFileReference; lastKnownFileType = file; path = "Pretendard-Black.otf"; sourceTree = "<group>"; };
		D8B660FF2A60D3A80049B8D9 /* Pretendard-Regular.otf */ = {isa = PBXFileReference; lastKnownFileType = file; path = "Pretendard-Regular.otf"; sourceTree = "<group>"; };
		D8B661002A60D3A80049B8D9 /* Pretendard-Bold.otf */ = {isa = PBXFileReference; lastKnownFileType = file; path = "Pretendard-Bold.otf"; sourceTree = "<group>"; };
		D8B661012A60D3A80049B8D9 /* Pretendard-Light.otf */ = {isa = PBXFileReference; lastKnownFileType = file; path = "Pretendard-Light.otf"; sourceTree = "<group>"; };
		D8B661022A60D3A80049B8D9 /* Pretendard-ExtraBold.otf */ = {isa = PBXFileReference; lastKnownFileType = file; path = "Pretendard-ExtraBold.otf"; sourceTree = "<group>"; };
		D8B661032A60D3A80049B8D9 /* Pretendard-Thin.otf */ = {isa = PBXFileReference; lastKnownFileType = file; path = "Pretendard-Thin.otf"; sourceTree = "<group>"; };
		D8B661042A60D3A80049B8D9 /* Pretendard-Medium.otf */ = {isa = PBXFileReference; lastKnownFileType = file; path = "Pretendard-Medium.otf"; sourceTree = "<group>"; };
		D8B6610E2A60D7130049B8D9 /* AppContainer.swift */ = {isa = PBXFileReference; lastKnownFileType = sourcecode.swift; path = AppContainer.swift; sourceTree = "<group>"; };
		D8B661112A60D91B0049B8D9 /* Coordinator.swift */ = {isa = PBXFileReference; lastKnownFileType = sourcecode.swift; path = Coordinator.swift; sourceTree = "<group>"; };
		D8B661132A60F72E0049B8D9 /* AppCoordinator.swift */ = {isa = PBXFileReference; lastKnownFileType = sourcecode.swift; path = AppCoordinator.swift; sourceTree = "<group>"; };
		D8B661172A611E220049B8D9 /* BuyCoordinator.swift */ = {isa = PBXFileReference; lastKnownFileType = sourcecode.swift; path = BuyCoordinator.swift; sourceTree = "<group>"; };
		D8B6611C2A612B0B0049B8D9 /* BuyViewController.swift */ = {isa = PBXFileReference; lastKnownFileType = sourcecode.swift; path = BuyViewController.swift; sourceTree = "<group>"; };
		D8B6611E2A612B3D0049B8D9 /* CreateAccountViewController.swift */ = {isa = PBXFileReference; lastKnownFileType = sourcecode.swift; path = CreateAccountViewController.swift; sourceTree = "<group>"; };
		D8B661202A612B7B0049B8D9 /* ViewController.swift */ = {isa = PBXFileReference; lastKnownFileType = sourcecode.swift; path = ViewController.swift; sourceTree = "<group>"; };
		D8B661242A614AA10049B8D9 /* OnBoardingViewController.swift */ = {isa = PBXFileReference; lastKnownFileType = sourcecode.swift; path = OnBoardingViewController.swift; sourceTree = "<group>"; };
		D8B661262A614AC70049B8D9 /* ViewControllerTemplate.swift */ = {isa = PBXFileReference; lastKnownFileType = sourcecode.swift; path = ViewControllerTemplate.swift; sourceTree = "<group>"; };
		D8D483202A5F7FE300B474E4 /* ScreenUtil.swift */ = {isa = PBXFileReference; lastKnownFileType = sourcecode.swift; path = ScreenUtil.swift; sourceTree = "<group>"; };
		D8D483222A5F807300B474E4 /* Errors.swift */ = {isa = PBXFileReference; lastKnownFileType = sourcecode.swift; path = Errors.swift; sourceTree = "<group>"; };
		D8D483242A5F80B600B474E4 /* NetworkWrapper.swift */ = {isa = PBXFileReference; lastKnownFileType = sourcecode.swift; path = NetworkWrapper.swift; sourceTree = "<group>"; };
/* End PBXFileReference section */

/* Begin PBXFrameworksBuildPhase section */
		D800BAAC2A5CEA5F001F19A3 /* Frameworks */ = {
			isa = PBXFrameworksBuildPhase;
			buildActionMask = 2147483647;
			files = (
				D85D16C82A5E306000D799DD /* Alamofire in Frameworks */,
				D85D16CB2A5E307F00D799DD /* Swinject-Dynamic in Frameworks */,
				D85D16C22A5E302400D799DD /* SnapKit-Dynamic in Frameworks */,
				D85D16C52A5E304A00D799DD /* Then in Frameworks */,
			);
			runOnlyForDeploymentPostprocessing = 0;
		};
/* End PBXFrameworksBuildPhase section */

/* Begin PBXGroup section */
		ADF7A8E82A76501B0028D260 /* SignUp */ = {
			isa = PBXGroup;
			children = (
				ADF7A8E92A7650410028D260 /* SignUpViewController.swift */,
			);
			path = SignUp;
			sourceTree = "<group>";
		};
		D800BAA62A5CEA5F001F19A3 = {
			isa = PBXGroup;
			children = (
				D800BAB12A5CEA5F001F19A3 /* CleanArchitecture_ShipGo */,
				D800BAB02A5CEA5F001F19A3 /* Products */,
			);
			sourceTree = "<group>";
		};
		D800BAB02A5CEA5F001F19A3 /* Products */ = {
			isa = PBXGroup;
			children = (
				D800BAAF2A5CEA5F001F19A3 /* CleanArchitecture_ShipGo.app */,
			);
			name = Products;
			sourceTree = "<group>";
		};
		D800BAB12A5CEA5F001F19A3 /* CleanArchitecture_ShipGo */ = {
			isa = PBXGroup;
			children = (
				D81082B12A6764F500FBCD9C /* Extension */,
				D800BAB22A5CEA5F001F19A3 /* AppDelegate.swift */,
				D800BAB42A5CEA5F001F19A3 /* SceneDelegate.swift */,
				D8B6610E2A60D7130049B8D9 /* AppContainer.swift */,
				D8B661102A60D9020049B8D9 /* Coordinator */,
				D85D16892A5E2AF300D799DD /* Components */,
				D85D16882A5E2AE100D799DD /* Utils */,
				D85D16872A5E2AD900D799DD /* Resource */,
				D85D16862A5E2ACF00D799DD /* Fonts */,
				D85D16832A5E2A9B00D799DD /* PresentationLayer */,
				D85D16842A5E2AAE00D799DD /* DomainLayer */,
				D85D16852A5E2ABA00D799DD /* DataLayer */,
				D800BAC02A5CEA61001F19A3 /* LaunchScreen.storyboard */,
				D800BAC32A5CEA61001F19A3 /* Info.plist */,
				D800BABB2A5CEA5F001F19A3 /* CleanArchitecture_ShipGo.xcdatamodeld */,
			);
			path = CleanArchitecture_ShipGo;
			sourceTree = "<group>";
		};
		D81082B12A6764F500FBCD9C /* Extension */ = {
			isa = PBXGroup;
			children = (
				D81082B22A67650A00FBCD9C /* UIStackView+Extension.swift */,
				D81082B42A67676500FBCD9C /* UIView+Extension.swift */,
				ADF7A8E62A764ADA0028D260 /* UIFont+Extension.swift */,
			);
			path = Extension;
			sourceTree = "<group>";
		};
		D85D16832A5E2A9B00D799DD /* PresentationLayer */ = {
			isa = PBXGroup;
			children = (
				D8B661262A614AC70049B8D9 /* ViewControllerTemplate.swift */,
				D8B661232A614A8B0049B8D9 /* OnBoarding */,
				ADF7A8E82A76501B0028D260 /* SignUp */,
				D8B6611B2A612AF90049B8D9 /* test */,
				D85D168C2A5E2B5B00D799DD /* Login */,
			);
			path = PresentationLayer;
			sourceTree = "<group>";
		};
		D85D16842A5E2AAE00D799DD /* DomainLayer */ = {
			isa = PBXGroup;
			children = (
				D85D16982A5E2C9800D799DD /* Entity */,
				D85D16972A5E2C9200D799DD /* Mapper */,
				D85D16962A5E2C8900D799DD /* Repositoriable */,
				D85D16952A5E2C8000D799DD /* RequestModel */,
				D85D16942A5E2C7000D799DD /* ResponseModel */,
				D85D16932A5E2C5D00D799DD /* UseCase */,
			);
			path = DomainLayer;
			sourceTree = "<group>";
		};
		D85D16852A5E2ABA00D799DD /* DataLayer */ = {
			isa = PBXGroup;
			children = (
				D85D16AA2A5E2DE000D799DD /* RepositoryImpl */,
				D85D16A92A5E2DD600D799DD /* Remote */,
			);
			path = DataLayer;
			sourceTree = "<group>";
		};
		D85D16862A5E2ACF00D799DD /* Fonts */ = {
			isa = PBXGroup;
			children = (
				D8B660FE2A60D3A80049B8D9 /* Pretendard-Black.otf */,
				D8B661002A60D3A80049B8D9 /* Pretendard-Bold.otf */,
				D8B661022A60D3A80049B8D9 /* Pretendard-ExtraBold.otf */,
				D8B660FD2A60D3A80049B8D9 /* Pretendard-ExtraLight.otf */,
				D8B661012A60D3A80049B8D9 /* Pretendard-Light.otf */,
				D8B661042A60D3A80049B8D9 /* Pretendard-Medium.otf */,
				D8B660FF2A60D3A80049B8D9 /* Pretendard-Regular.otf */,
				D8B660FC2A60D3A80049B8D9 /* Pretendard-SemiBold.otf */,
				D8B661032A60D3A80049B8D9 /* Pretendard-Thin.otf */,
			);
			path = Fonts;
			sourceTree = "<group>";
		};
		D85D16872A5E2AD900D799DD /* Resource */ = {
			isa = PBXGroup;
			children = (
				D800BABE2A5CEA61001F19A3 /* Assets.xcassets */,
			);
			path = Resource;
			sourceTree = "<group>";
		};
		D85D16882A5E2AE100D799DD /* Utils */ = {
			isa = PBXGroup;
			children = (
				D8D483202A5F7FE300B474E4 /* ScreenUtil.swift */,
				D8D483222A5F807300B474E4 /* Errors.swift */,
				D8D483242A5F80B600B474E4 /* NetworkWrapper.swift */,
				ADF7A8EB2A7652E60028D260 /* ColorManager.swift */,
			);
			path = Utils;
			sourceTree = "<group>";
		};
		D85D16892A5E2AF300D799DD /* Components */ = {
			isa = PBXGroup;
			children = (
				ADF7A8ED2A76544D0028D260 /* SelectButton.swift */,
				D85D16B82A5E2EE700D799DD /* TempComponent.swift */,
			);
			path = Components;
			sourceTree = "<group>";
		};
		D85D168C2A5E2B5B00D799DD /* Login */ = {
			isa = PBXGroup;
			children = (
				D85D168E2A5E2B7E00D799DD /* View */,
				D85D168D2A5E2B6800D799DD /* ViewModel */,
			);
			path = Login;
			sourceTree = "<group>";
		};
		D85D168D2A5E2B6800D799DD /* ViewModel */ = {
			isa = PBXGroup;
			children = (
				D85D16912A5E2B9500D799DD /* LoginViewModel.swift */,
			);
			path = ViewModel;
			sourceTree = "<group>";
		};
		D85D168E2A5E2B7E00D799DD /* View */ = {
			isa = PBXGroup;
			children = (
				D85D168F2A5E2B8C00D799DD /* LoginViewController.swift */,
			);
			path = View;
			sourceTree = "<group>";
		};
		D85D16932A5E2C5D00D799DD /* UseCase */ = {
			isa = PBXGroup;
			children = (
				D85D16A42A5E2D1500D799DD /* UseCaseable */,
				D85D16A32A5E2D0A00D799DD /* UseCaseImpl */,
			);
			path = UseCase;
			sourceTree = "<group>";
		};
		D85D16942A5E2C7000D799DD /* ResponseModel */ = {
			isa = PBXGroup;
			children = (
				D85D16A12A5E2CFC00D799DD /* LoginResponseModel.swift */,
			);
			path = ResponseModel;
			sourceTree = "<group>";
		};
		D85D16952A5E2C8000D799DD /* RequestModel */ = {
			isa = PBXGroup;
			children = (
				D85D169F2A5E2CEF00D799DD /* LoginRequestModel.swift */,
			);
			path = RequestModel;
			sourceTree = "<group>";
		};
		D85D16962A5E2C8900D799DD /* Repositoriable */ = {
			isa = PBXGroup;
			children = (
				D85D169D2A5E2CDA00D799DD /* LoginRepositoriable.swift */,
			);
			path = Repositoriable;
			sourceTree = "<group>";
		};
		D85D16972A5E2C9200D799DD /* Mapper */ = {
			isa = PBXGroup;
			children = (
				D85D169B2A5E2CC800D799DD /* LoginMapper.swift */,
			);
			path = Mapper;
			sourceTree = "<group>";
		};
		D85D16982A5E2C9800D799DD /* Entity */ = {
			isa = PBXGroup;
			children = (
				D85D16992A5E2CB600D799DD /* Entity.swift */,
			);
			path = Entity;
			sourceTree = "<group>";
		};
		D85D16A32A5E2D0A00D799DD /* UseCaseImpl */ = {
			isa = PBXGroup;
			children = (
				D85D16A52A5E2D2A00D799DD /* LoginUseCaseImpl.swift */,
			);
			path = UseCaseImpl;
			sourceTree = "<group>";
		};
		D85D16A42A5E2D1500D799DD /* UseCaseable */ = {
			isa = PBXGroup;
			children = (
				D85D16A72A5E2D3D00D799DD /* LoginUseCaseable.swift */,
			);
			path = UseCaseable;
			sourceTree = "<group>";
		};
		D85D16A92A5E2DD600D799DD /* Remote */ = {
			isa = PBXGroup;
			children = (
				D85D16AC2A5E2DF500D799DD /* Mapper */,
				D85D16AB2A5E2DED00D799DD /* Item */,
				D85D16AE2A5E2E2300D799DD /* RemoteDataSourceImpl.swift */,
				D85D16B02A5E2E3600D799DD /* RemoteDataSourceable.swift */,
			);
			path = Remote;
			sourceTree = "<group>";
		};
		D85D16AA2A5E2DE000D799DD /* RepositoryImpl */ = {
			isa = PBXGroup;
			children = (
				D85D16B62A5E2EAE00D799DD /* LoginRepositoryImpl.swift */,
			);
			path = RepositoryImpl;
			sourceTree = "<group>";
		};
		D85D16AB2A5E2DED00D799DD /* Item */ = {
			isa = PBXGroup;
			children = (
				D85D16B22A5E2E7900D799DD /* RemoteLoginItem.swift */,
			);
			path = Item;
			sourceTree = "<group>";
		};
		D85D16AC2A5E2DF500D799DD /* Mapper */ = {
			isa = PBXGroup;
			children = (
				D85D16B42A5E2E9300D799DD /* RemoteLoginMapper.swift */,
			);
			path = Mapper;
			sourceTree = "<group>";
		};
		D8B661102A60D9020049B8D9 /* Coordinator */ = {
			isa = PBXGroup;
			children = (
				D8B661112A60D91B0049B8D9 /* Coordinator.swift */,
				D8B661132A60F72E0049B8D9 /* AppCoordinator.swift */,
				D8B661172A611E220049B8D9 /* BuyCoordinator.swift */,
			);
			path = Coordinator;
			sourceTree = "<group>";
		};
		D8B6611B2A612AF90049B8D9 /* test */ = {
			isa = PBXGroup;
			children = (
				D8B661202A612B7B0049B8D9 /* ViewController.swift */,
				D8B6611C2A612B0B0049B8D9 /* BuyViewController.swift */,
				D8B6611E2A612B3D0049B8D9 /* CreateAccountViewController.swift */,
			);
			path = test;
			sourceTree = "<group>";
		};
		D8B661232A614A8B0049B8D9 /* OnBoarding */ = {
			isa = PBXGroup;
			children = (
				D8B661242A614AA10049B8D9 /* OnBoardingViewController.swift */,
			);
			path = OnBoarding;
			sourceTree = "<group>";
		};
/* End PBXGroup section */

/* Begin PBXNativeTarget section */
		D800BAAE2A5CEA5F001F19A3 /* CleanArchitecture_ShipGo */ = {
			isa = PBXNativeTarget;
			buildConfigurationList = D800BAC62A5CEA61001F19A3 /* Build configuration list for PBXNativeTarget "CleanArchitecture_ShipGo" */;
			buildPhases = (
				D800BAAB2A5CEA5F001F19A3 /* Sources */,
				D800BAAC2A5CEA5F001F19A3 /* Frameworks */,
				D800BAAD2A5CEA5F001F19A3 /* Resources */,
			);
			buildRules = (
			);
			dependencies = (
			);
			name = CleanArchitecture_ShipGo;
			packageProductDependencies = (
				D85D16C12A5E302400D799DD /* SnapKit-Dynamic */,
				D85D16C42A5E304A00D799DD /* Then */,
				D85D16C72A5E306000D799DD /* Alamofire */,
				D85D16CA2A5E307F00D799DD /* Swinject-Dynamic */,
			);
			productName = CleanArchitecture_ShipGo;
			productReference = D800BAAF2A5CEA5F001F19A3 /* CleanArchitecture_ShipGo.app */;
			productType = "com.apple.product-type.application";
		};
/* End PBXNativeTarget section */

/* Begin PBXProject section */
		D800BAA72A5CEA5F001F19A3 /* Project object */ = {
			isa = PBXProject;
			attributes = {
				BuildIndependentTargetsInParallel = 1;
				LastSwiftUpdateCheck = 1430;
				LastUpgradeCheck = 1430;
				TargetAttributes = {
					D800BAAE2A5CEA5F001F19A3 = {
						CreatedOnToolsVersion = 14.3;
					};
				};
			};
			buildConfigurationList = D800BAAA2A5CEA5F001F19A3 /* Build configuration list for PBXProject "CleanArchitecture_ShipGo" */;
			compatibilityVersion = "Xcode 14.0";
			developmentRegion = en;
			hasScannedForEncodings = 0;
			knownRegions = (
				en,
				Base,
			);
			mainGroup = D800BAA62A5CEA5F001F19A3;
			packageReferences = (
				D85D16C02A5E302400D799DD /* XCRemoteSwiftPackageReference "SnapKit" */,
				D85D16C32A5E304A00D799DD /* XCRemoteSwiftPackageReference "Then" */,
				D85D16C62A5E306000D799DD /* XCRemoteSwiftPackageReference "Alamofire" */,
				D85D16C92A5E307F00D799DD /* XCRemoteSwiftPackageReference "Swinject" */,
			);
			productRefGroup = D800BAB02A5CEA5F001F19A3 /* Products */;
			projectDirPath = "";
			projectRoot = "";
			targets = (
				D800BAAE2A5CEA5F001F19A3 /* CleanArchitecture_ShipGo */,
			);
		};
/* End PBXProject section */

/* Begin PBXResourcesBuildPhase section */
		D800BAAD2A5CEA5F001F19A3 /* Resources */ = {
			isa = PBXResourcesBuildPhase;
			buildActionMask = 2147483647;
			files = (
				D8B661052A60D3A80049B8D9 /* Pretendard-SemiBold.otf in Resources */,
				D8B6610C2A60D3A80049B8D9 /* Pretendard-Thin.otf in Resources */,
				D8B6610A2A60D3A80049B8D9 /* Pretendard-Light.otf in Resources */,
				D8B6610B2A60D3A80049B8D9 /* Pretendard-ExtraBold.otf in Resources */,
				D8B661082A60D3A80049B8D9 /* Pretendard-Regular.otf in Resources */,
				D8B661092A60D3A80049B8D9 /* Pretendard-Bold.otf in Resources */,
				D800BAC22A5CEA61001F19A3 /* LaunchScreen.storyboard in Resources */,
				D8B661062A60D3A80049B8D9 /* Pretendard-ExtraLight.otf in Resources */,
				D800BABF2A5CEA61001F19A3 /* Assets.xcassets in Resources */,
				D8B661072A60D3A80049B8D9 /* Pretendard-Black.otf in Resources */,
				D8B6610D2A60D3A80049B8D9 /* Pretendard-Medium.otf in Resources */,
			);
			runOnlyForDeploymentPostprocessing = 0;
		};
/* End PBXResourcesBuildPhase section */

/* Begin PBXSourcesBuildPhase section */
		D800BAAB2A5CEA5F001F19A3 /* Sources */ = {
			isa = PBXSourcesBuildPhase;
			buildActionMask = 2147483647;
			files = (
				D8B6611F2A612B3D0049B8D9 /* CreateAccountViewController.swift in Sources */,
				D85D16B12A5E2E3600D799DD /* RemoteDataSourceable.swift in Sources */,
				D8B661182A611E220049B8D9 /* BuyCoordinator.swift in Sources */,
				D85D16A22A5E2CFC00D799DD /* LoginResponseModel.swift in Sources */,
				D8B661142A60F72E0049B8D9 /* AppCoordinator.swift in Sources */,
				ADF7A8EE2A76544D0028D260 /* SelectButton.swift in Sources */,
				D85D16902A5E2B8C00D799DD /* LoginViewController.swift in Sources */,
				D8D483232A5F807300B474E4 /* Errors.swift in Sources */,
				D85D16A82A5E2D3D00D799DD /* LoginUseCaseable.swift in Sources */,
				ADF7A8EA2A7650410028D260 /* SignUpViewController.swift in Sources */,
				D85D16B72A5E2EAE00D799DD /* LoginRepositoryImpl.swift in Sources */,
				D8B661252A614AA10049B8D9 /* OnBoardingViewController.swift in Sources */,
				D800BABD2A5CEA5F001F19A3 /* CleanArchitecture_ShipGo.xcdatamodeld in Sources */,
				D85D16AF2A5E2E2300D799DD /* RemoteDataSourceImpl.swift in Sources */,
				D8D483212A5F7FE300B474E4 /* ScreenUtil.swift in Sources */,
				D85D16B32A5E2E7900D799DD /* RemoteLoginItem.swift in Sources */,
				D85D16A62A5E2D2A00D799DD /* LoginUseCaseImpl.swift in Sources */,
				D85D169C2A5E2CC800D799DD /* LoginMapper.swift in Sources */,
				D85D169E2A5E2CDA00D799DD /* LoginRepositoriable.swift in Sources */,
				D85D169A2A5E2CB600D799DD /* Entity.swift in Sources */,
				D81082B52A67676500FBCD9C /* UIView+Extension.swift in Sources */,
				D85D16A02A5E2CEF00D799DD /* LoginRequestModel.swift in Sources */,
				ADF7A8EC2A7652E60028D260 /* ColorManager.swift in Sources */,
				D8B6610F2A60D7130049B8D9 /* AppContainer.swift in Sources */,
				ADF7A8E72A764ADA0028D260 /* UIFont+Extension.swift in Sources */,
				D81082B32A67650A00FBCD9C /* UIStackView+Extension.swift in Sources */,
				D8B661272A614AC70049B8D9 /* ViewControllerTemplate.swift in Sources */,
				D8B661212A612B7B0049B8D9 /* ViewController.swift in Sources */,
				D85D16B92A5E2EE700D799DD /* TempComponent.swift in Sources */,
				D8B6611D2A612B0B0049B8D9 /* BuyViewController.swift in Sources */,
				D85D16B52A5E2E9300D799DD /* RemoteLoginMapper.swift in Sources */,
				D800BAB32A5CEA5F001F19A3 /* AppDelegate.swift in Sources */,
				D800BAB52A5CEA5F001F19A3 /* SceneDelegate.swift in Sources */,
				D8B661122A60D91B0049B8D9 /* Coordinator.swift in Sources */,
				D8D483252A5F80B600B474E4 /* NetworkWrapper.swift in Sources */,
				D85D16922A5E2B9500D799DD /* LoginViewModel.swift in Sources */,
			);
			runOnlyForDeploymentPostprocessing = 0;
		};
/* End PBXSourcesBuildPhase section */

/* Begin PBXVariantGroup section */
		D800BAC02A5CEA61001F19A3 /* LaunchScreen.storyboard */ = {
			isa = PBXVariantGroup;
			children = (
				D800BAC12A5CEA61001F19A3 /* Base */,
			);
			name = LaunchScreen.storyboard;
			sourceTree = "<group>";
		};
/* End PBXVariantGroup section */

/* Begin XCBuildConfiguration section */
		D800BAC42A5CEA61001F19A3 /* Debug */ = {
			isa = XCBuildConfiguration;
			buildSettings = {
				ALWAYS_SEARCH_USER_PATHS = NO;
				CLANG_ANALYZER_NONNULL = YES;
				CLANG_ANALYZER_NUMBER_OBJECT_CONVERSION = YES_AGGRESSIVE;
				CLANG_CXX_LANGUAGE_STANDARD = "gnu++20";
				CLANG_ENABLE_MODULES = YES;
				CLANG_ENABLE_OBJC_ARC = YES;
				CLANG_ENABLE_OBJC_WEAK = YES;
				CLANG_WARN_BLOCK_CAPTURE_AUTORELEASING = YES;
				CLANG_WARN_BOOL_CONVERSION = YES;
				CLANG_WARN_COMMA = YES;
				CLANG_WARN_CONSTANT_CONVERSION = YES;
				CLANG_WARN_DEPRECATED_OBJC_IMPLEMENTATIONS = YES;
				CLANG_WARN_DIRECT_OBJC_ISA_USAGE = YES_ERROR;
				CLANG_WARN_DOCUMENTATION_COMMENTS = YES;
				CLANG_WARN_EMPTY_BODY = YES;
				CLANG_WARN_ENUM_CONVERSION = YES;
				CLANG_WARN_INFINITE_RECURSION = YES;
				CLANG_WARN_INT_CONVERSION = YES;
				CLANG_WARN_NON_LITERAL_NULL_CONVERSION = YES;
				CLANG_WARN_OBJC_IMPLICIT_RETAIN_SELF = YES;
				CLANG_WARN_OBJC_LITERAL_CONVERSION = YES;
				CLANG_WARN_OBJC_ROOT_CLASS = YES_ERROR;
				CLANG_WARN_QUOTED_INCLUDE_IN_FRAMEWORK_HEADER = YES;
				CLANG_WARN_RANGE_LOOP_ANALYSIS = YES;
				CLANG_WARN_STRICT_PROTOTYPES = YES;
				CLANG_WARN_SUSPICIOUS_MOVE = YES;
				CLANG_WARN_UNGUARDED_AVAILABILITY = YES_AGGRESSIVE;
				CLANG_WARN_UNREACHABLE_CODE = YES;
				CLANG_WARN__DUPLICATE_METHOD_MATCH = YES;
				COPY_PHASE_STRIP = NO;
				DEBUG_INFORMATION_FORMAT = dwarf;
				ENABLE_STRICT_OBJC_MSGSEND = YES;
				ENABLE_TESTABILITY = YES;
				GCC_C_LANGUAGE_STANDARD = gnu11;
				GCC_DYNAMIC_NO_PIC = NO;
				GCC_NO_COMMON_BLOCKS = YES;
				GCC_OPTIMIZATION_LEVEL = 0;
				GCC_PREPROCESSOR_DEFINITIONS = (
					"DEBUG=1",
					"$(inherited)",
				);
				GCC_WARN_64_TO_32_BIT_CONVERSION = YES;
				GCC_WARN_ABOUT_RETURN_TYPE = YES_ERROR;
				GCC_WARN_UNDECLARED_SELECTOR = YES;
				GCC_WARN_UNINITIALIZED_AUTOS = YES_AGGRESSIVE;
				GCC_WARN_UNUSED_FUNCTION = YES;
				GCC_WARN_UNUSED_VARIABLE = YES;
				IPHONEOS_DEPLOYMENT_TARGET = 16.4;
				MTL_ENABLE_DEBUG_INFO = INCLUDE_SOURCE;
				MTL_FAST_MATH = YES;
				ONLY_ACTIVE_ARCH = YES;
				SDKROOT = iphoneos;
				SWIFT_ACTIVE_COMPILATION_CONDITIONS = DEBUG;
				SWIFT_OPTIMIZATION_LEVEL = "-Onone";
			};
			name = Debug;
		};
		D800BAC52A5CEA61001F19A3 /* Release */ = {
			isa = XCBuildConfiguration;
			buildSettings = {
				ALWAYS_SEARCH_USER_PATHS = NO;
				CLANG_ANALYZER_NONNULL = YES;
				CLANG_ANALYZER_NUMBER_OBJECT_CONVERSION = YES_AGGRESSIVE;
				CLANG_CXX_LANGUAGE_STANDARD = "gnu++20";
				CLANG_ENABLE_MODULES = YES;
				CLANG_ENABLE_OBJC_ARC = YES;
				CLANG_ENABLE_OBJC_WEAK = YES;
				CLANG_WARN_BLOCK_CAPTURE_AUTORELEASING = YES;
				CLANG_WARN_BOOL_CONVERSION = YES;
				CLANG_WARN_COMMA = YES;
				CLANG_WARN_CONSTANT_CONVERSION = YES;
				CLANG_WARN_DEPRECATED_OBJC_IMPLEMENTATIONS = YES;
				CLANG_WARN_DIRECT_OBJC_ISA_USAGE = YES_ERROR;
				CLANG_WARN_DOCUMENTATION_COMMENTS = YES;
				CLANG_WARN_EMPTY_BODY = YES;
				CLANG_WARN_ENUM_CONVERSION = YES;
				CLANG_WARN_INFINITE_RECURSION = YES;
				CLANG_WARN_INT_CONVERSION = YES;
				CLANG_WARN_NON_LITERAL_NULL_CONVERSION = YES;
				CLANG_WARN_OBJC_IMPLICIT_RETAIN_SELF = YES;
				CLANG_WARN_OBJC_LITERAL_CONVERSION = YES;
				CLANG_WARN_OBJC_ROOT_CLASS = YES_ERROR;
				CLANG_WARN_QUOTED_INCLUDE_IN_FRAMEWORK_HEADER = YES;
				CLANG_WARN_RANGE_LOOP_ANALYSIS = YES;
				CLANG_WARN_STRICT_PROTOTYPES = YES;
				CLANG_WARN_SUSPICIOUS_MOVE = YES;
				CLANG_WARN_UNGUARDED_AVAILABILITY = YES_AGGRESSIVE;
				CLANG_WARN_UNREACHABLE_CODE = YES;
				CLANG_WARN__DUPLICATE_METHOD_MATCH = YES;
				COPY_PHASE_STRIP = NO;
				DEBUG_INFORMATION_FORMAT = "dwarf-with-dsym";
				ENABLE_NS_ASSERTIONS = NO;
				ENABLE_STRICT_OBJC_MSGSEND = YES;
				GCC_C_LANGUAGE_STANDARD = gnu11;
				GCC_NO_COMMON_BLOCKS = YES;
				GCC_WARN_64_TO_32_BIT_CONVERSION = YES;
				GCC_WARN_ABOUT_RETURN_TYPE = YES_ERROR;
				GCC_WARN_UNDECLARED_SELECTOR = YES;
				GCC_WARN_UNINITIALIZED_AUTOS = YES_AGGRESSIVE;
				GCC_WARN_UNUSED_FUNCTION = YES;
				GCC_WARN_UNUSED_VARIABLE = YES;
				IPHONEOS_DEPLOYMENT_TARGET = 16.4;
				MTL_ENABLE_DEBUG_INFO = NO;
				MTL_FAST_MATH = YES;
				SDKROOT = iphoneos;
				SWIFT_COMPILATION_MODE = wholemodule;
				SWIFT_OPTIMIZATION_LEVEL = "-O";
				VALIDATE_PRODUCT = YES;
			};
			name = Release;
		};
		D800BAC72A5CEA61001F19A3 /* Debug */ = {
			isa = XCBuildConfiguration;
			buildSettings = {
				ASSETCATALOG_COMPILER_APPICON_NAME = AppIcon;
				ASSETCATALOG_COMPILER_GLOBAL_ACCENT_COLOR_NAME = AccentColor;
				CODE_SIGN_STYLE = Automatic;
				CURRENT_PROJECT_VERSION = 1;
				DEVELOPMENT_TEAM = Z62NB3F274;
				GENERATE_INFOPLIST_FILE = YES;
				INFOPLIST_FILE = CleanArchitecture_ShipGo/Info.plist;
				INFOPLIST_KEY_UIApplicationSupportsIndirectInputEvents = YES;
				INFOPLIST_KEY_UILaunchStoryboardName = LaunchScreen;
				INFOPLIST_KEY_UISupportedInterfaceOrientations_iPad = "UIInterfaceOrientationPortrait UIInterfaceOrientationPortraitUpsideDown UIInterfaceOrientationLandscapeLeft UIInterfaceOrientationLandscapeRight";
				INFOPLIST_KEY_UISupportedInterfaceOrientations_iPhone = "UIInterfaceOrientationPortrait UIInterfaceOrientationLandscapeLeft UIInterfaceOrientationLandscapeRight";
				IPHONEOS_DEPLOYMENT_TARGET = 15.0;
				LD_RUNPATH_SEARCH_PATHS = (
					"$(inherited)",
					"@executable_path/Frameworks",
				);
				MARKETING_VERSION = 1.0;
				PRODUCT_BUNDLE_IDENTIFIER = "com.jun12.CleanArchitecture-ShipGo";
				PRODUCT_NAME = "$(TARGET_NAME)";
				SWIFT_EMIT_LOC_STRINGS = YES;
				SWIFT_VERSION = 5.0;
				TARGETED_DEVICE_FAMILY = "1,2";
			};
			name = Debug;
		};
		D800BAC82A5CEA61001F19A3 /* Release */ = {
			isa = XCBuildConfiguration;
			buildSettings = {
				ASSETCATALOG_COMPILER_APPICON_NAME = AppIcon;
				ASSETCATALOG_COMPILER_GLOBAL_ACCENT_COLOR_NAME = AccentColor;
				CODE_SIGN_STYLE = Automatic;
				CURRENT_PROJECT_VERSION = 1;
				DEVELOPMENT_TEAM = Z62NB3F274;
				GENERATE_INFOPLIST_FILE = YES;
				INFOPLIST_FILE = CleanArchitecture_ShipGo/Info.plist;
				INFOPLIST_KEY_UIApplicationSupportsIndirectInputEvents = YES;
				INFOPLIST_KEY_UILaunchStoryboardName = LaunchScreen;
				INFOPLIST_KEY_UISupportedInterfaceOrientations_iPad = "UIInterfaceOrientationPortrait UIInterfaceOrientationPortraitUpsideDown UIInterfaceOrientationLandscapeLeft UIInterfaceOrientationLandscapeRight";
				INFOPLIST_KEY_UISupportedInterfaceOrientations_iPhone = "UIInterfaceOrientationPortrait UIInterfaceOrientationLandscapeLeft UIInterfaceOrientationLandscapeRight";
				IPHONEOS_DEPLOYMENT_TARGET = 15.0;
				LD_RUNPATH_SEARCH_PATHS = (
					"$(inherited)",
					"@executable_path/Frameworks",
				);
				MARKETING_VERSION = 1.0;
				PRODUCT_BUNDLE_IDENTIFIER = "com.jun12.CleanArchitecture-ShipGo";
				PRODUCT_NAME = "$(TARGET_NAME)";
				SWIFT_EMIT_LOC_STRINGS = YES;
				SWIFT_VERSION = 5.0;
				TARGETED_DEVICE_FAMILY = "1,2";
			};
			name = Release;
		};
/* End XCBuildConfiguration section */

/* Begin XCConfigurationList section */
		D800BAAA2A5CEA5F001F19A3 /* Build configuration list for PBXProject "CleanArchitecture_ShipGo" */ = {
			isa = XCConfigurationList;
			buildConfigurations = (
				D800BAC42A5CEA61001F19A3 /* Debug */,
				D800BAC52A5CEA61001F19A3 /* Release */,
			);
			defaultConfigurationIsVisible = 0;
			defaultConfigurationName = Release;
		};
		D800BAC62A5CEA61001F19A3 /* Build configuration list for PBXNativeTarget "CleanArchitecture_ShipGo" */ = {
			isa = XCConfigurationList;
			buildConfigurations = (
				D800BAC72A5CEA61001F19A3 /* Debug */,
				D800BAC82A5CEA61001F19A3 /* Release */,
			);
			defaultConfigurationIsVisible = 0;
			defaultConfigurationName = Release;
		};
/* End XCConfigurationList section */

/* Begin XCRemoteSwiftPackageReference section */
		D85D16C02A5E302400D799DD /* XCRemoteSwiftPackageReference "SnapKit" */ = {
			isa = XCRemoteSwiftPackageReference;
			repositoryURL = "https://github.com/SnapKit/SnapKit.git";
			requirement = {
				kind = upToNextMajorVersion;
				minimumVersion = 5.0.0;
			};
		};
		D85D16C32A5E304A00D799DD /* XCRemoteSwiftPackageReference "Then" */ = {
			isa = XCRemoteSwiftPackageReference;
			repositoryURL = "https://github.com/devxoul/Then.git";
			requirement = {
				kind = upToNextMajorVersion;
				minimumVersion = 3.0.0;
			};
		};
		D85D16C62A5E306000D799DD /* XCRemoteSwiftPackageReference "Alamofire" */ = {
			isa = XCRemoteSwiftPackageReference;
			repositoryURL = "https://github.com/Alamofire/Alamofire.git";
			requirement = {
				kind = upToNextMajorVersion;
				minimumVersion = 5.0.0;
			};
		};
		D85D16C92A5E307F00D799DD /* XCRemoteSwiftPackageReference "Swinject" */ = {
			isa = XCRemoteSwiftPackageReference;
			repositoryURL = "https://github.com/Swinject/Swinject.git";
			requirement = {
				kind = upToNextMajorVersion;
				minimumVersion = 2.0.0;
			};
		};
/* End XCRemoteSwiftPackageReference section */

/* Begin XCSwiftPackageProductDependency section */
		D85D16C12A5E302400D799DD /* SnapKit-Dynamic */ = {
			isa = XCSwiftPackageProductDependency;
			package = D85D16C02A5E302400D799DD /* XCRemoteSwiftPackageReference "SnapKit" */;
			productName = "SnapKit-Dynamic";
		};
		D85D16C42A5E304A00D799DD /* Then */ = {
			isa = XCSwiftPackageProductDependency;
			package = D85D16C32A5E304A00D799DD /* XCRemoteSwiftPackageReference "Then" */;
			productName = Then;
		};
		D85D16C72A5E306000D799DD /* Alamofire */ = {
			isa = XCSwiftPackageProductDependency;
			package = D85D16C62A5E306000D799DD /* XCRemoteSwiftPackageReference "Alamofire" */;
			productName = Alamofire;
		};
		D85D16CA2A5E307F00D799DD /* Swinject-Dynamic */ = {
			isa = XCSwiftPackageProductDependency;
			package = D85D16C92A5E307F00D799DD /* XCRemoteSwiftPackageReference "Swinject" */;
			productName = "Swinject-Dynamic";
		};
/* End XCSwiftPackageProductDependency section */

/* Begin XCVersionGroup section */
		D800BABB2A5CEA5F001F19A3 /* CleanArchitecture_ShipGo.xcdatamodeld */ = {
			isa = XCVersionGroup;
			children = (
				D800BABC2A5CEA5F001F19A3 /* CleanArchitecture_ShipGo.xcdatamodel */,
			);
			currentVersion = D800BABC2A5CEA5F001F19A3 /* CleanArchitecture_ShipGo.xcdatamodel */;
			path = CleanArchitecture_ShipGo.xcdatamodeld;
			sourceTree = "<group>";
			versionGroupType = wrapper.xcdatamodel;
		};
/* End XCVersionGroup section */
	};
	rootObject = D800BAA72A5CEA5F001F19A3 /* Project object */;
}
